
Microsoft Visual Studio Solution File, Format Version 12.00
# Visual Studio 14
VisualStudioVersion = 14.0.25123.0
MinimumVisualStudioVersion = 10.0.40219.1
Project("{FAE04EC0-301F-11D3-BF4B-00C04F79EFBC}") = "BMW", "BMW\BMW.csproj", "{8E1CD29E-AB3B-4099-8272-D6EB7B172690}"
EndProject
Global
	GlobalSection(SolutionConfigurationPlatforms) = preSolution
		Debug|Any CPU = Debug|Any CPU
		Release|Any CPU = Release|Any CPU
	EndGlobalSection
	GlobalSection(ProjectConfigurationPlatforms) = postSolution
		{8E1CD29E-AB3B-4099-8272-D6EB7B172690}.Debug|Any CPU.ActiveCfg = Debug|Any CPU
		{8E1CD29E-AB3B-4099-8272-D6EB7B172690}.Debug|Any CPU.Build.0 = Debug|Any CPU
		{8E1CD29E-AB3B-4099-8272-D6EB7B172690}.Release|Any CPU.ActiveCfg = Release|Any CPU
		{8E1CD29E-AB3B-4099-8272-D6EB7B172690}.Release|Any CPU.Build.0 = Release|Any CPU
	EndGlobalSection
	GlobalSection(SolutionProperties) = preSolution
		HideSolutionNode = FALSE
	EndGlobalSection
EndGlobal
